
Microsoft Visual Studio Solution File, Format Version 12.00
# Visual Studio Version 16
VisualStudioVersion = 16.0.31729.503
MinimumVisualStudioVersion = 10.0.40219.1
Project("{8BC9CEB8-8B4A-11D0-8D11-00A0C91BC942}") = "Lv.01", "Lv.01\Lv.01.vcxproj", "{BBC3305A-EC79-468E-A4BC-03AC1ADA4DBF}"
EndProject
Global
	GlobalSection(SolutionConfigurationPlatforms) = preSolution
		Debug|x64 = Debug|x64
		Debug|x86 = Debug|x86
		Release|x64 = Release|x64
		Release|x86 = Release|x86
	EndGlobalSection
	GlobalSection(ProjectConfigurationPlatforms) = postSolution
		{BBC3305A-EC79-468E-A4BC-03AC1ADA4DBF}.Debug|x64.ActiveCfg = Debug|x64
		{BBC3305A-EC79-468E-A4BC-03AC1ADA4DBF}.Debug|x64.Build.0 = Debug|x64
		{BBC3305A-EC79-468E-A4BC-03AC1ADA4DBF}.Debug|x86.ActiveCfg = Debug|Win32
		{BBC3305A-EC79-468E-A4BC-03AC1ADA4DBF}.Debug|x86.Build.0 = Debug|Win32
		{BBC3305A-EC79-468E-A4BC-03AC1ADA4DBF}.Release|x64.ActiveCfg = Release|x64
		{BBC3305A-EC79-468E-A4BC-03AC1ADA4DBF}.Release|x64.Build.0 = Release|x64
		{BBC3305A-EC79-468E-A4BC-03AC1ADA4DBF}.Release|x86.ActiveCfg = Release|Win32
		{BBC3305A-EC79-468E-A4BC-03AC1ADA4DBF}.Release|x86.Build.0 = Release|Win32
	EndGlobalSection
	GlobalSection(SolutionProperties) = preSolution
		HideSolutionNode = FALSE
	EndGlobalSection
	GlobalSection(ExtensibilityGlobals) = postSolution
		SolutionGuid = {50FF1EB2-90C2-4DDE-8251-8C4771F7A2DB}
	EndGlobalSection
EndGlobal
